
Microsoft Visual Studio Solution File, Format Version 12.00
# Visual Studio Version 16
VisualStudioVersion = 16.0.808.6
MinimumVisualStudioVersion = 10.0.40219.1
Project("{FAE04EC0-301F-11D3-BF4B-00C04F79EFBC}") = "assignment3", "assignment3\assignment3.csproj", "{DB891408-8457-4DE1-A980-53E75A9DD084}"
EndProject
Global
	GlobalSection(SolutionConfigurationPlatforms) = preSolution
		Debug|Any CPU = Debug|Any CPU
		Release|Any CPU = Release|Any CPU
	EndGlobalSection
	GlobalSection(ProjectConfigurationPlatforms) = postSolution
		{DB891408-8457-4DE1-A980-53E75A9DD084}.Debug|Any CPU.ActiveCfg = Debug|Any CPU
		{DB891408-8457-4DE1-A980-53E75A9DD084}.Debug|Any CPU.Build.0 = Debug|Any CPU
		{DB891408-8457-4DE1-A980-53E75A9DD084}.Release|Any CPU.ActiveCfg = Release|Any CPU
		{DB891408-8457-4DE1-A980-53E75A9DD084}.Release|Any CPU.Build.0 = Release|Any CPU
	EndGlobalSection
	GlobalSection(SolutionProperties) = preSolution
		HideSolutionNode = FALSE
	EndGlobalSection
	GlobalSection(ExtensibilityGlobals) = postSolution
		SolutionGuid = {DE6BE11D-BAEE-439D-9886-24207CFBCB05}
	EndGlobalSection
EndGlobal
